
Microsoft Visual Studio Solution File, Format Version 12.00
# Visual Studio Version 17
VisualStudioVersion = 17.9.34616.47
MinimumVisualStudioVersion = 10.0.40219.1
Project("{9A19103F-16F7-4668-BE54-9A1E7A4F7556}") = "InterviewTestMid", "InterviewTestMid\InterviewTestMid.csproj", "{0604D7B8-BB46-4B07-BF4F-FB23AF6E3178}"
EndProject
Project("{2150E333-8FDC-42A3-9474-1A3956D46DE8}") = "Solution Items", "Solution Items", "{72070C7A-C564-488F-8FD4-BC5BEF970422}"
EndProject
Project("{FAE04EC0-301F-11D3-BF4B-00C04F79EFBC}") = "InterviewTestMid.Tests", "InterviewTestMid.Tests\InterviewTestMid.Tests.csproj", "{5B7E42F2-74A6-49D2-ABB5-0D92D1915082}"
EndProject
Project("{2150E333-8FDC-42A3-9474-1A3956D46DE8}") = ".github", ".github", "{2C3C527E-B4A1-47C1-AF0D-CD1310A74AA2}"
EndProject
Project("{2150E333-8FDC-42A3-9474-1A3956D46DE8}") = "workflows", "workflows", "{961B7667-8415-4042-BBF2-379137597285}"
	ProjectSection(SolutionItems) = preProject
		main.yml = main.yml
	EndProjectSection
EndProject
Global
	GlobalSection(SolutionConfigurationPlatforms) = preSolution
		Debug|Any CPU = Debug|Any CPU
		Release|Any CPU = Release|Any CPU
	EndGlobalSection
	GlobalSection(ProjectConfigurationPlatforms) = postSolution
		{0604D7B8-BB46-4B07-BF4F-FB23AF6E3178}.Debug|Any CPU.ActiveCfg = Debug|Any CPU
		{0604D7B8-BB46-4B07-BF4F-FB23AF6E3178}.Debug|Any CPU.Build.0 = Debug|Any CPU
		{0604D7B8-BB46-4B07-BF4F-FB23AF6E3178}.Release|Any CPU.ActiveCfg = Release|Any CPU
		{0604D7B8-BB46-4B07-BF4F-FB23AF6E3178}.Release|Any CPU.Build.0 = Release|Any CPU
		{5B7E42F2-74A6-49D2-ABB5-0D92D1915082}.Debug|Any CPU.ActiveCfg = Debug|Any CPU
		{5B7E42F2-74A6-49D2-ABB5-0D92D1915082}.Debug|Any CPU.Build.0 = Debug|Any CPU
		{5B7E42F2-74A6-49D2-ABB5-0D92D1915082}.Release|Any CPU.ActiveCfg = Release|Any CPU
		{5B7E42F2-74A6-49D2-ABB5-0D92D1915082}.Release|Any CPU.Build.0 = Release|Any CPU
	EndGlobalSection
	GlobalSection(SolutionProperties) = preSolution
		HideSolutionNode = FALSE
	EndGlobalSection
	GlobalSection(NestedProjects) = preSolution
		{961B7667-8415-4042-BBF2-379137597285} = {2C3C527E-B4A1-47C1-AF0D-CD1310A74AA2}
	EndGlobalSection
	GlobalSection(ExtensibilityGlobals) = postSolution
		SolutionGuid = {364C0544-88D0-45FF-8343-000BBD24EA11}
	EndGlobalSection
EndGlobal
